
Microsoft Visual Studio Solution File, Format Version 12.00
# Visual Studio Version 17
VisualStudioVersion = 17.14.36511.14 d17.14
MinimumVisualStudioVersion = 10.0.40219.1
Project("{FAE04EC0-301F-11D3-BF4B-00C04F79EFBC}") = "NTSkelbimuSistemaSaitynai", "NTSkelbimuSistemaSaitynai\NTSkelbimuSistemaSaitynai.csproj", "{B4AEC5BF-03AF-4B32-8CE7-F1A885167E7B}"
EndProject
Project("{E53339B2-1760-4266-BCC7-CA923CBCF16C}") = "docker-compose", "docker-compose.dcproj", "{81DDED9D-158B-E303-5F62-77A2896D2A5A}"
EndProject
Global
	GlobalSection(SolutionConfigurationPlatforms) = preSolution
		Debug|Any CPU = Debug|Any CPU
		Release|Any CPU = Release|Any CPU
	EndGlobalSection
	GlobalSection(ProjectConfigurationPlatforms) = postSolution
		{B4AEC5BF-03AF-4B32-8CE7-F1A885167E7B}.Debug|Any CPU.ActiveCfg = Debug|Any CPU
		{B4AEC5BF-03AF-4B32-8CE7-F1A885167E7B}.Debug|Any CPU.Build.0 = Debug|Any CPU
		{B4AEC5BF-03AF-4B32-8CE7-F1A885167E7B}.Release|Any CPU.ActiveCfg = Release|Any CPU
		{B4AEC5BF-03AF-4B32-8CE7-F1A885167E7B}.Release|Any CPU.Build.0 = Release|Any CPU
		{81DDED9D-158B-E303-5F62-77A2896D2A5A}.Debug|Any CPU.ActiveCfg = Debug|Any CPU
		{81DDED9D-158B-E303-5F62-77A2896D2A5A}.Debug|Any CPU.Build.0 = Debug|Any CPU
		{81DDED9D-158B-E303-5F62-77A2896D2A5A}.Release|Any CPU.ActiveCfg = Release|Any CPU
		{81DDED9D-158B-E303-5F62-77A2896D2A5A}.Release|Any CPU.Build.0 = Release|Any CPU
	EndGlobalSection
	GlobalSection(SolutionProperties) = preSolution
		HideSolutionNode = FALSE
	EndGlobalSection
	GlobalSection(ExtensibilityGlobals) = postSolution
		SolutionGuid = {3E1E00A6-57DF-4B86-8752-F61531E51ECA}
	EndGlobalSection
EndGlobal
